
Microsoft Visual Studio Solution File, Format Version 12.00
# Visual Studio 15
VisualStudioVersion = 15.0.28307.572
MinimumVisualStudioVersion = 10.0.40219.1
Project("{888888A0-9F3D-457C-B088-3A5042F75D52}") = "Solution", "Solution\Solution.pyproj", "{DA3D7A18-715F-4373-9336-599EDB545841}"
EndProject
Global
	GlobalSection(SolutionConfigurationPlatforms) = preSolution
		Debug|Any CPU = Debug|Any CPU
		Release|Any CPU = Release|Any CPU
	EndGlobalSection
	GlobalSection(ProjectConfigurationPlatforms) = postSolution
		{DA3D7A18-715F-4373-9336-599EDB545841}.Debug|Any CPU.ActiveCfg = Debug|Any CPU
		{DA3D7A18-715F-4373-9336-599EDB545841}.Release|Any CPU.ActiveCfg = Release|Any CPU
	EndGlobalSection
	GlobalSection(SolutionProperties) = preSolution
		HideSolutionNode = FALSE
	EndGlobalSection
	GlobalSection(ExtensibilityGlobals) = postSolution
		SolutionGuid = {754424E5-F541-440A-89D9-1C5326EB28E9}
	EndGlobalSection
EndGlobal
