
Microsoft Visual Studio Solution File, Format Version 12.00
# Visual Studio 15
VisualStudioVersion = 15.0.28307.572
MinimumVisualStudioVersion = 10.0.40219.1
Project("{888888A0-9F3D-457C-B088-3A5042F75D52}") = "Solution", "Solution\Solution.pyproj", "{808E4FB1-94F7-4D9E-B229-1D54DF5E2431}"
EndProject
Global
	GlobalSection(SolutionConfigurationPlatforms) = preSolution
		Debug|Any CPU = Debug|Any CPU
		Release|Any CPU = Release|Any CPU
	EndGlobalSection
	GlobalSection(ProjectConfigurationPlatforms) = postSolution
		{808E4FB1-94F7-4D9E-B229-1D54DF5E2431}.Debug|Any CPU.ActiveCfg = Debug|Any CPU
		{808E4FB1-94F7-4D9E-B229-1D54DF5E2431}.Release|Any CPU.ActiveCfg = Release|Any CPU
	EndGlobalSection
	GlobalSection(SolutionProperties) = preSolution
		HideSolutionNode = FALSE
	EndGlobalSection
	GlobalSection(ExtensibilityGlobals) = postSolution
		SolutionGuid = {02E7869B-CF38-4B4B-92A8-C15D6B6BD441}
	EndGlobalSection
EndGlobal
